
Microsoft Visual Studio Solution File, Format Version 12.00
# Visual Studio Version 16
VisualStudioVersion = 16.0.30011.22
MinimumVisualStudioVersion = 10.0.40219.1
Project("{9A19103F-16F7-4668-BE54-9A1E7A4F7556}") = "TestingBlazor", "TestingBlazor\TestingBlazor.csproj", "{30DAEF53-F922-4900-8247-7114813A4AE9}"
EndProject
Global
	GlobalSection(SolutionConfigurationPlatforms) = preSolution
		Debug|Any CPU = Debug|Any CPU
		Release|Any CPU = Release|Any CPU
	EndGlobalSection
	GlobalSection(ProjectConfigurationPlatforms) = postSolution
		{30DAEF53-F922-4900-8247-7114813A4AE9}.Debug|Any CPU.ActiveCfg = Debug|Any CPU
		{30DAEF53-F922-4900-8247-7114813A4AE9}.Debug|Any CPU.Build.0 = Debug|Any CPU
		{30DAEF53-F922-4900-8247-7114813A4AE9}.Release|Any CPU.ActiveCfg = Release|Any CPU
		{30DAEF53-F922-4900-8247-7114813A4AE9}.Release|Any CPU.Build.0 = Release|Any CPU
	EndGlobalSection
	GlobalSection(SolutionProperties) = preSolution
		HideSolutionNode = FALSE
	EndGlobalSection
	GlobalSection(ExtensibilityGlobals) = postSolution
		SolutionGuid = {C97D886F-C9F5-43C4-B29A-07E243F32296}
	EndGlobalSection
EndGlobal
